
Microsoft Visual Studio Solution File, Format Version 12.00
# Visual Studio Version 17
VisualStudioVersion = 17.11.35312.102
MinimumVisualStudioVersion = 10.0.40219.1
Project("{FAE04EC0-301F-11D3-BF4B-00C04F79EFBC}") = "Fanya.SimpleProjectsSaver", "Fanya.SimpleProjectsSaver.csproj", "{D8E0F71B-B4FE-464D-AFE3-981BDF02C582}"
EndProject
Global
	GlobalSection(SolutionConfigurationPlatforms) = preSolution
		Debug|Any CPU = Debug|Any CPU
		Release|Any CPU = Release|Any CPU
	EndGlobalSection
	GlobalSection(ProjectConfigurationPlatforms) = postSolution
		{D8E0F71B-B4FE-464D-AFE3-981BDF02C582}.Debug|Any CPU.ActiveCfg = Debug|Any CPU
		{D8E0F71B-B4FE-464D-AFE3-981BDF02C582}.Debug|Any CPU.Build.0 = Debug|Any CPU
		{D8E0F71B-B4FE-464D-AFE3-981BDF02C582}.Release|Any CPU.ActiveCfg = Release|Any CPU
		{D8E0F71B-B4FE-464D-AFE3-981BDF02C582}.Release|Any CPU.Build.0 = Release|Any CPU
	EndGlobalSection
	GlobalSection(SolutionProperties) = preSolution
		HideSolutionNode = FALSE
	EndGlobalSection
	GlobalSection(ExtensibilityGlobals) = postSolution
		SolutionGuid = {47B1FA57-D13D-4F0D-BD8D-623C066CEADD}
	EndGlobalSection
EndGlobal
